
Microsoft Visual Studio Solution File, Format Version 12.00
# Visual Studio Version 17
VisualStudioVersion = 17.4.33122.133
MinimumVisualStudioVersion = 10.0.40219.1
Project("{FAE04EC0-301F-11D3-BF4B-00C04F79EFBC}") = "Program3", "Program3\Program3.csproj", "{B29DE0CC-CF1C-4E79-86D5-691BF1E661A9}"
EndProject
Global
	GlobalSection(SolutionConfigurationPlatforms) = preSolution
		Debug|Any CPU = Debug|Any CPU
		Release|Any CPU = Release|Any CPU
	EndGlobalSection
	GlobalSection(ProjectConfigurationPlatforms) = postSolution
		{B29DE0CC-CF1C-4E79-86D5-691BF1E661A9}.Debug|Any CPU.ActiveCfg = Debug|Any CPU
		{B29DE0CC-CF1C-4E79-86D5-691BF1E661A9}.Debug|Any CPU.Build.0 = Debug|Any CPU
		{B29DE0CC-CF1C-4E79-86D5-691BF1E661A9}.Release|Any CPU.ActiveCfg = Release|Any CPU
		{B29DE0CC-CF1C-4E79-86D5-691BF1E661A9}.Release|Any CPU.Build.0 = Release|Any CPU
	EndGlobalSection
	GlobalSection(SolutionProperties) = preSolution
		HideSolutionNode = FALSE
	EndGlobalSection
	GlobalSection(ExtensibilityGlobals) = postSolution
		SolutionGuid = {521E2D16-AC00-49B3-AE3A-94ED678F26CC}
	EndGlobalSection
EndGlobal
